
Microsoft Visual Studio Solution File, Format Version 12.00
# Visual Studio Version 16
VisualStudioVersion = 16.0.31727.386
MinimumVisualStudioVersion = 10.0.40219.1
Project("{FAE04EC0-301F-11D3-BF4B-00C04F79EFBC}") = "ucl_elevador_ssup", "ucl_elevador_ssup.csproj", "{3E53A494-CB07-44BB-B0DA-E4CC317F30AB}"
EndProject
Global
	GlobalSection(SolutionConfigurationPlatforms) = preSolution
		Debug|Any CPU = Debug|Any CPU
		Release|Any CPU = Release|Any CPU
	EndGlobalSection
	GlobalSection(ProjectConfigurationPlatforms) = postSolution
		{3E53A494-CB07-44BB-B0DA-E4CC317F30AB}.Debug|Any CPU.ActiveCfg = Debug|Any CPU
		{3E53A494-CB07-44BB-B0DA-E4CC317F30AB}.Debug|Any CPU.Build.0 = Debug|Any CPU
		{3E53A494-CB07-44BB-B0DA-E4CC317F30AB}.Release|Any CPU.ActiveCfg = Release|Any CPU
		{3E53A494-CB07-44BB-B0DA-E4CC317F30AB}.Release|Any CPU.Build.0 = Release|Any CPU
	EndGlobalSection
	GlobalSection(SolutionProperties) = preSolution
		HideSolutionNode = FALSE
	EndGlobalSection
	GlobalSection(ExtensibilityGlobals) = postSolution
		SolutionGuid = {36000637-E695-4935-B0A3-25F751F031FE}
	EndGlobalSection
EndGlobal
